# THIS IS AN AUTOGENERATED FILE. DO NOT EDIT THIS FILE DIRECTLY.
# yarn lockfile v1


"attr-accept@^2.2.1":
  "integrity" "sha512-7prDjvt9HmqiZ0cl5CRjtS84sEyhsHP2coDkaZKRKVfCDo9s7iw7ChVmar78Gu9pC4SoR/28wFu/G5JJhTnqEg=="
  "resolved" "https://registry.npmjs.org/attr-accept/-/attr-accept-2.2.2.tgz"
  "version" "2.2.2"

"file-selector@^0.2.2":
  "integrity" "sha512-ZDsQNbrv6qRi1YTDOEWzf5J2KjZ9KMI1Q2SGeTkCJmNNW25Jg4TW4UMcmoqcg4WrAyKRcpBXdbWRxkfrOzVRbA=="
  "resolved" "https://registry.npmjs.org/file-selector/-/file-selector-0.2.4.tgz"
  "version" "0.2.4"
  dependencies:
    "tslib" "^2.0.3"

"js-tokens@^3.0.0 || ^4.0.0":
  "integrity" "sha512-RdJUflcE3cUzKiMqQgsCu06FPu9UdIJO0beYbPhHN4k6apgJtifcoCtT9bcxOpYBtpD2kCM6Sbzg4CausW/PKQ=="
  "resolved" "https://registry.npmjs.org/js-tokens/-/js-tokens-4.0.0.tgz"
  "version" "4.0.0"

"loose-envify@^1.1.0", "loose-envify@^1.4.0":
  "integrity" "sha512-lyuxPGr/Wfhrlem2CL/UcnUc1zcqKAImBDzukY7Y5F/yQiNdko6+fRLevlw1HgMySw7f611UIY408EtxRSoK3Q=="
  "resolved" "https://registry.npmjs.org/loose-envify/-/loose-envify-1.4.0.tgz"
  "version" "1.4.0"
  dependencies:
    "js-tokens" "^3.0.0 || ^4.0.0"

"object-assign@^4.1.1":
  "integrity" "sha1-IQmtx5ZYh8/AXLvUQsrIv7s2CGM="
  "resolved" "https://registry.npmjs.org/object-assign/-/object-assign-4.1.1.tgz"
  "version" "4.1.1"

"prop-types@^15.7.2":
  "integrity" "sha512-8QQikdH7//R2vurIJSutZ1smHYTcLpRWEOlHnzcWHmBYrOGUysKwSsrC89BCiFj3CbrfJ/nXFdJepOVrY1GCHQ=="
  "resolved" "https://registry.npmjs.org/prop-types/-/prop-types-15.7.2.tgz"
  "version" "15.7.2"
  dependencies:
    "loose-envify" "^1.4.0"
    "object-assign" "^4.1.1"
    "react-is" "^16.8.1"

"react-dropzone@^11.3.2":
  "integrity" "sha512-Z0l/YHcrNK1r85o6RT77Z5XgTARmlZZGfEKBl3tqTXL9fZNQDuIdRx/J0QjvR60X+yYu26dnHeaG2pWU+1HHvw=="
  "resolved" "https://registry.npmjs.org/react-dropzone/-/react-dropzone-11.3.2.tgz"
  "version" "11.3.2"
  dependencies:
    "attr-accept" "^2.2.1"
    "file-selector" "^0.2.2"
    "prop-types" "^15.7.2"

"react-is@^16.8.1":
  "integrity" "sha512-24e6ynE2H+OKt4kqsOvNd8kBpV65zoxbA4BVsEOB3ARVWQki/DHzaUoC5KuON/BiccDaCCTZBuOcfZs70kR8bQ=="
  "resolved" "https://registry.npmjs.org/react-is/-/react-is-16.13.1.tgz"
  "version" "16.13.1"

"react@>= 16.8":
  "integrity" "sha512-gnhPt75i/dq/z3/6q/0asP78D0u592D5L1pd7M8P+dck6Fu/jJeL6iVVK23fptSUZj8Vjf++7wXA8UNclGQcbA=="
  "resolved" "https://registry.npmjs.org/react/-/react-17.0.2.tgz"
  "version" "17.0.2"
  dependencies:
    "loose-envify" "^1.1.0"
    "object-assign" "^4.1.1"

"tslib@^2.0.3":
  "integrity" "sha512-N82ooyxVNm6h1riLCoyS9e3fuJ3AMG2zIZs2Gd1ATcSFjSA23Q0fzjjZeh0jbJvWVDZ0cJT8yaNNaaXHzueNjg=="
  "resolved" "https://registry.npmjs.org/tslib/-/tslib-2.3.0.tgz"
  "version" "2.3.0"
